
Microsoft Visual Studio Solution File, Format Version 12.00
# Visual Studio 15
VisualStudioVersion = 15.0.26228.4
MinimumVisualStudioVersion = 10.0.40219.1
Project("{9A19103F-16F7-4668-BE54-9A1E7A4F7556}") = "ECERP.API", "ECERP\ECERP.API.csproj", "{F1B133DA-D6DF-41B3-9537-56FAD541C86D}"
EndProject
Project("{9A19103F-16F7-4668-BE54-9A1E7A4F7556}") = "ECERP.Models", "ECERP.Models\ECERP.Models.csproj", "{8FF63425-DD5B-43D4-AABB-344AD6B7E8CD}"
EndProject
Project("{FAE04EC0-301F-11D3-BF4B-00C04F79EFBC}") = "ECERP.Data", "ECERP.Data\ECERP.Data.csproj", "{AC4A732E-84FF-4BFB-9F9B-3EE06EF7C47A}"
EndProject
Global
	GlobalSection(SolutionConfigurationPlatforms) = preSolution
		Debug|Any CPU = Debug|Any CPU
		Debug|x64 = Debug|x64
		Debug|x86 = Debug|x86
		Release|Any CPU = Release|Any CPU
		Release|x64 = Release|x64
		Release|x86 = Release|x86
	EndGlobalSection
	GlobalSection(ProjectConfigurationPlatforms) = postSolution
		{F1B133DA-D6DF-41B3-9537-56FAD541C86D}.Debug|Any CPU.ActiveCfg = Debug|Any CPU
		{F1B133DA-D6DF-41B3-9537-56FAD541C86D}.Debug|Any CPU.Build.0 = Debug|Any CPU
		{F1B133DA-D6DF-41B3-9537-56FAD541C86D}.Debug|x64.ActiveCfg = Debug|Any CPU
		{F1B133DA-D6DF-41B3-9537-56FAD541C86D}.Debug|x64.Build.0 = Debug|Any CPU
		{F1B133DA-D6DF-41B3-9537-56FAD541C86D}.Debug|x86.ActiveCfg = Debug|Any CPU
		{F1B133DA-D6DF-41B3-9537-56FAD541C86D}.Debug|x86.Build.0 = Debug|Any CPU
		{F1B133DA-D6DF-41B3-9537-56FAD541C86D}.Release|Any CPU.ActiveCfg = Release|Any CPU
		{F1B133DA-D6DF-41B3-9537-56FAD541C86D}.Release|Any CPU.Build.0 = Release|Any CPU
		{F1B133DA-D6DF-41B3-9537-56FAD541C86D}.Release|x64.ActiveCfg = Release|Any CPU
		{F1B133DA-D6DF-41B3-9537-56FAD541C86D}.Release|x64.Build.0 = Release|Any CPU
		{F1B133DA-D6DF-41B3-9537-56FAD541C86D}.Release|x86.ActiveCfg = Release|Any CPU
		{F1B133DA-D6DF-41B3-9537-56FAD541C86D}.Release|x86.Build.0 = Release|Any CPU
		{8FF63425-DD5B-43D4-AABB-344AD6B7E8CD}.Debug|Any CPU.ActiveCfg = Debug|Any CPU
		{8FF63425-DD5B-43D4-AABB-344AD6B7E8CD}.Debug|Any CPU.Build.0 = Debug|Any CPU
		{8FF63425-DD5B-43D4-AABB-344AD6B7E8CD}.Debug|x64.ActiveCfg = Debug|Any CPU
		{8FF63425-DD5B-43D4-AABB-344AD6B7E8CD}.Debug|x64.Build.0 = Debug|Any CPU
		{8FF63425-DD5B-43D4-AABB-344AD6B7E8CD}.Debug|x86.ActiveCfg = Debug|Any CPU
		{8FF63425-DD5B-43D4-AABB-344AD6B7E8CD}.Debug|x86.Build.0 = Debug|Any CPU
		{8FF63425-DD5B-43D4-AABB-344AD6B7E8CD}.Release|Any CPU.ActiveCfg = Release|Any CPU
		{8FF63425-DD5B-43D4-AABB-344AD6B7E8CD}.Release|Any CPU.Build.0 = Release|Any CPU
		{8FF63425-DD5B-43D4-AABB-344AD6B7E8CD}.Release|x64.ActiveCfg = Release|Any CPU
		{8FF63425-DD5B-43D4-AABB-344AD6B7E8CD}.Release|x64.Build.0 = Release|Any CPU
		{8FF63425-DD5B-43D4-AABB-344AD6B7E8CD}.Release|x86.ActiveCfg = Release|Any CPU
		{8FF63425-DD5B-43D4-AABB-344AD6B7E8CD}.Release|x86.Build.0 = Release|Any CPU
		{AC4A732E-84FF-4BFB-9F9B-3EE06EF7C47A}.Debug|Any CPU.ActiveCfg = Debug|Any CPU
		{AC4A732E-84FF-4BFB-9F9B-3EE06EF7C47A}.Debug|Any CPU.Build.0 = Debug|Any CPU
		{AC4A732E-84FF-4BFB-9F9B-3EE06EF7C47A}.Debug|x64.ActiveCfg = Debug|Any CPU
		{AC4A732E-84FF-4BFB-9F9B-3EE06EF7C47A}.Debug|x64.Build.0 = Debug|Any CPU
		{AC4A732E-84FF-4BFB-9F9B-3EE06EF7C47A}.Debug|x86.ActiveCfg = Debug|Any CPU
		{AC4A732E-84FF-4BFB-9F9B-3EE06EF7C47A}.Debug|x86.Build.0 = Debug|Any CPU
		{AC4A732E-84FF-4BFB-9F9B-3EE06EF7C47A}.Release|Any CPU.ActiveCfg = Release|Any CPU
		{AC4A732E-84FF-4BFB-9F9B-3EE06EF7C47A}.Release|Any CPU.Build.0 = Release|Any CPU
		{AC4A732E-84FF-4BFB-9F9B-3EE06EF7C47A}.Release|x64.ActiveCfg = Release|Any CPU
		{AC4A732E-84FF-4BFB-9F9B-3EE06EF7C47A}.Release|x64.Build.0 = Release|Any CPU
		{AC4A732E-84FF-4BFB-9F9B-3EE06EF7C47A}.Release|x86.ActiveCfg = Release|Any CPU
		{AC4A732E-84FF-4BFB-9F9B-3EE06EF7C47A}.Release|x86.Build.0 = Release|Any CPU
	EndGlobalSection
	GlobalSection(SolutionProperties) = preSolution
		HideSolutionNode = FALSE
	EndGlobalSection
EndGlobal
