
Microsoft Visual Studio Solution File, Format Version 12.00
# Visual Studio 15
VisualStudioVersion = 15.0.26228.9
MinimumVisualStudioVersion = 10.0.40219.1
Project("{9A19103F-16F7-4668-BE54-9A1E7A4F7556}") = "ECERP.API", "ECERP.API\ECERP.API.csproj", "{F1B133DA-D6DF-41B3-9537-56FAD541C86D}"
EndProject
Project("{9A19103F-16F7-4668-BE54-9A1E7A4F7556}") = "ECERP.Core", "ECERP.Core\ECERP.Core.csproj", "{8FF63425-DD5B-43D4-AABB-344AD6B7E8CD}"
EndProject
Project("{FAE04EC0-301F-11D3-BF4B-00C04F79EFBC}") = "ECERP.Data", "ECERP.Data\ECERP.Data.csproj", "{AC4A732E-84FF-4BFB-9F9B-3EE06EF7C47A}"
EndProject
Project("{FAE04EC0-301F-11D3-BF4B-00C04F79EFBC}") = "ECERP.Services", "ECERP.Services\ECERP.Services.csproj", "{B90B6839-21CF-4623-A631-1F5BA894581D}"
EndProject
Project("{2150E333-8FDC-42A3-9474-1A3956D46DE8}") = "Libraries", "Libraries", "{9EA6872C-3903-48C1-A79A-7574951A4B3F}"
EndProject
Project("{2150E333-8FDC-42A3-9474-1A3956D46DE8}") = "Tests", "Tests", "{906AF73D-EEBF-4CD9-B294-B6FFF19B1ADF}"
EndProject
Project("{FAE04EC0-301F-11D3-BF4B-00C04F79EFBC}") = "ECERP.Core.Tests", "ECERP.Core.Tests\ECERP.Core.Tests.csproj", "{4C9529DB-38C6-4541-B357-8657F8AB44B3}"
EndProject
Project("{FAE04EC0-301F-11D3-BF4B-00C04F79EFBC}") = "ECERP.Data.Tests", "ECERP.Data.Tests\ECERP.Data.Tests.csproj", "{DEF740C1-CA80-4240-B282-3DAE5D51E83D}"
EndProject
Project("{FAE04EC0-301F-11D3-BF4B-00C04F79EFBC}") = "ECERP.Services.Tests", "ECERP.Services.Tests\ECERP.Services.Tests.csproj", "{D87B87BE-FF6F-4499-8183-4EBD5618D2EE}"
EndProject
Global
	GlobalSection(SolutionConfigurationPlatforms) = preSolution
		Debug|Any CPU = Debug|Any CPU
		Debug|x64 = Debug|x64
		Debug|x86 = Debug|x86
		Release|Any CPU = Release|Any CPU
		Release|x64 = Release|x64
		Release|x86 = Release|x86
	EndGlobalSection
	GlobalSection(ProjectConfigurationPlatforms) = postSolution
		{F1B133DA-D6DF-41B3-9537-56FAD541C86D}.Debug|Any CPU.ActiveCfg = Debug|Any CPU
		{F1B133DA-D6DF-41B3-9537-56FAD541C86D}.Debug|Any CPU.Build.0 = Debug|Any CPU
		{F1B133DA-D6DF-41B3-9537-56FAD541C86D}.Debug|x64.ActiveCfg = Debug|Any CPU
		{F1B133DA-D6DF-41B3-9537-56FAD541C86D}.Debug|x64.Build.0 = Debug|Any CPU
		{F1B133DA-D6DF-41B3-9537-56FAD541C86D}.Debug|x86.ActiveCfg = Debug|Any CPU
		{F1B133DA-D6DF-41B3-9537-56FAD541C86D}.Debug|x86.Build.0 = Debug|Any CPU
		{F1B133DA-D6DF-41B3-9537-56FAD541C86D}.Release|Any CPU.ActiveCfg = Release|Any CPU
		{F1B133DA-D6DF-41B3-9537-56FAD541C86D}.Release|Any CPU.Build.0 = Release|Any CPU
		{F1B133DA-D6DF-41B3-9537-56FAD541C86D}.Release|x64.ActiveCfg = Release|Any CPU
		{F1B133DA-D6DF-41B3-9537-56FAD541C86D}.Release|x64.Build.0 = Release|Any CPU
		{F1B133DA-D6DF-41B3-9537-56FAD541C86D}.Release|x86.ActiveCfg = Release|Any CPU
		{F1B133DA-D6DF-41B3-9537-56FAD541C86D}.Release|x86.Build.0 = Release|Any CPU
		{8FF63425-DD5B-43D4-AABB-344AD6B7E8CD}.Debug|Any CPU.ActiveCfg = Debug|Any CPU
		{8FF63425-DD5B-43D4-AABB-344AD6B7E8CD}.Debug|Any CPU.Build.0 = Debug|Any CPU
		{8FF63425-DD5B-43D4-AABB-344AD6B7E8CD}.Debug|x64.ActiveCfg = Debug|Any CPU
		{8FF63425-DD5B-43D4-AABB-344AD6B7E8CD}.Debug|x64.Build.0 = Debug|Any CPU
		{8FF63425-DD5B-43D4-AABB-344AD6B7E8CD}.Debug|x86.ActiveCfg = Debug|Any CPU
		{8FF63425-DD5B-43D4-AABB-344AD6B7E8CD}.Debug|x86.Build.0 = Debug|Any CPU
		{8FF63425-DD5B-43D4-AABB-344AD6B7E8CD}.Release|Any CPU.ActiveCfg = Release|Any CPU
		{8FF63425-DD5B-43D4-AABB-344AD6B7E8CD}.Release|Any CPU.Build.0 = Release|Any CPU
		{8FF63425-DD5B-43D4-AABB-344AD6B7E8CD}.Release|x64.ActiveCfg = Release|Any CPU
		{8FF63425-DD5B-43D4-AABB-344AD6B7E8CD}.Release|x64.Build.0 = Release|Any CPU
		{8FF63425-DD5B-43D4-AABB-344AD6B7E8CD}.Release|x86.ActiveCfg = Release|Any CPU
		{8FF63425-DD5B-43D4-AABB-344AD6B7E8CD}.Release|x86.Build.0 = Release|Any CPU
		{AC4A732E-84FF-4BFB-9F9B-3EE06EF7C47A}.Debug|Any CPU.ActiveCfg = Debug|Any CPU
		{AC4A732E-84FF-4BFB-9F9B-3EE06EF7C47A}.Debug|Any CPU.Build.0 = Debug|Any CPU
		{AC4A732E-84FF-4BFB-9F9B-3EE06EF7C47A}.Debug|x64.ActiveCfg = Debug|Any CPU
		{AC4A732E-84FF-4BFB-9F9B-3EE06EF7C47A}.Debug|x64.Build.0 = Debug|Any CPU
		{AC4A732E-84FF-4BFB-9F9B-3EE06EF7C47A}.Debug|x86.ActiveCfg = Debug|Any CPU
		{AC4A732E-84FF-4BFB-9F9B-3EE06EF7C47A}.Debug|x86.Build.0 = Debug|Any CPU
		{AC4A732E-84FF-4BFB-9F9B-3EE06EF7C47A}.Release|Any CPU.ActiveCfg = Release|Any CPU
		{AC4A732E-84FF-4BFB-9F9B-3EE06EF7C47A}.Release|Any CPU.Build.0 = Release|Any CPU
		{AC4A732E-84FF-4BFB-9F9B-3EE06EF7C47A}.Release|x64.ActiveCfg = Release|Any CPU
		{AC4A732E-84FF-4BFB-9F9B-3EE06EF7C47A}.Release|x64.Build.0 = Release|Any CPU
		{AC4A732E-84FF-4BFB-9F9B-3EE06EF7C47A}.Release|x86.ActiveCfg = Release|Any CPU
		{AC4A732E-84FF-4BFB-9F9B-3EE06EF7C47A}.Release|x86.Build.0 = Release|Any CPU
		{B90B6839-21CF-4623-A631-1F5BA894581D}.Debug|Any CPU.ActiveCfg = Debug|Any CPU
		{B90B6839-21CF-4623-A631-1F5BA894581D}.Debug|Any CPU.Build.0 = Debug|Any CPU
		{B90B6839-21CF-4623-A631-1F5BA894581D}.Debug|x64.ActiveCfg = Debug|Any CPU
		{B90B6839-21CF-4623-A631-1F5BA894581D}.Debug|x64.Build.0 = Debug|Any CPU
		{B90B6839-21CF-4623-A631-1F5BA894581D}.Debug|x86.ActiveCfg = Debug|Any CPU
		{B90B6839-21CF-4623-A631-1F5BA894581D}.Debug|x86.Build.0 = Debug|Any CPU
		{B90B6839-21CF-4623-A631-1F5BA894581D}.Release|Any CPU.ActiveCfg = Release|Any CPU
		{B90B6839-21CF-4623-A631-1F5BA894581D}.Release|Any CPU.Build.0 = Release|Any CPU
		{B90B6839-21CF-4623-A631-1F5BA894581D}.Release|x64.ActiveCfg = Release|Any CPU
		{B90B6839-21CF-4623-A631-1F5BA894581D}.Release|x64.Build.0 = Release|Any CPU
		{B90B6839-21CF-4623-A631-1F5BA894581D}.Release|x86.ActiveCfg = Release|Any CPU
		{B90B6839-21CF-4623-A631-1F5BA894581D}.Release|x86.Build.0 = Release|Any CPU
		{4C9529DB-38C6-4541-B357-8657F8AB44B3}.Debug|Any CPU.ActiveCfg = Debug|Any CPU
		{4C9529DB-38C6-4541-B357-8657F8AB44B3}.Debug|Any CPU.Build.0 = Debug|Any CPU
		{4C9529DB-38C6-4541-B357-8657F8AB44B3}.Debug|x64.ActiveCfg = Debug|Any CPU
		{4C9529DB-38C6-4541-B357-8657F8AB44B3}.Debug|x64.Build.0 = Debug|Any CPU
		{4C9529DB-38C6-4541-B357-8657F8AB44B3}.Debug|x86.ActiveCfg = Debug|Any CPU
		{4C9529DB-38C6-4541-B357-8657F8AB44B3}.Debug|x86.Build.0 = Debug|Any CPU
		{4C9529DB-38C6-4541-B357-8657F8AB44B3}.Release|Any CPU.ActiveCfg = Release|Any CPU
		{4C9529DB-38C6-4541-B357-8657F8AB44B3}.Release|Any CPU.Build.0 = Release|Any CPU
		{4C9529DB-38C6-4541-B357-8657F8AB44B3}.Release|x64.ActiveCfg = Release|Any CPU
		{4C9529DB-38C6-4541-B357-8657F8AB44B3}.Release|x64.Build.0 = Release|Any CPU
		{4C9529DB-38C6-4541-B357-8657F8AB44B3}.Release|x86.ActiveCfg = Release|Any CPU
		{4C9529DB-38C6-4541-B357-8657F8AB44B3}.Release|x86.Build.0 = Release|Any CPU
		{DEF740C1-CA80-4240-B282-3DAE5D51E83D}.Debug|Any CPU.ActiveCfg = Debug|Any CPU
		{DEF740C1-CA80-4240-B282-3DAE5D51E83D}.Debug|Any CPU.Build.0 = Debug|Any CPU
		{DEF740C1-CA80-4240-B282-3DAE5D51E83D}.Debug|x64.ActiveCfg = Debug|Any CPU
		{DEF740C1-CA80-4240-B282-3DAE5D51E83D}.Debug|x64.Build.0 = Debug|Any CPU
		{DEF740C1-CA80-4240-B282-3DAE5D51E83D}.Debug|x86.ActiveCfg = Debug|Any CPU
		{DEF740C1-CA80-4240-B282-3DAE5D51E83D}.Debug|x86.Build.0 = Debug|Any CPU
		{DEF740C1-CA80-4240-B282-3DAE5D51E83D}.Release|Any CPU.ActiveCfg = Release|Any CPU
		{DEF740C1-CA80-4240-B282-3DAE5D51E83D}.Release|Any CPU.Build.0 = Release|Any CPU
		{DEF740C1-CA80-4240-B282-3DAE5D51E83D}.Release|x64.ActiveCfg = Release|Any CPU
		{DEF740C1-CA80-4240-B282-3DAE5D51E83D}.Release|x64.Build.0 = Release|Any CPU
		{DEF740C1-CA80-4240-B282-3DAE5D51E83D}.Release|x86.ActiveCfg = Release|Any CPU
		{DEF740C1-CA80-4240-B282-3DAE5D51E83D}.Release|x86.Build.0 = Release|Any CPU
		{D87B87BE-FF6F-4499-8183-4EBD5618D2EE}.Debug|Any CPU.ActiveCfg = Debug|Any CPU
		{D87B87BE-FF6F-4499-8183-4EBD5618D2EE}.Debug|Any CPU.Build.0 = Debug|Any CPU
		{D87B87BE-FF6F-4499-8183-4EBD5618D2EE}.Debug|x64.ActiveCfg = Debug|Any CPU
		{D87B87BE-FF6F-4499-8183-4EBD5618D2EE}.Debug|x64.Build.0 = Debug|Any CPU
		{D87B87BE-FF6F-4499-8183-4EBD5618D2EE}.Debug|x86.ActiveCfg = Debug|Any CPU
		{D87B87BE-FF6F-4499-8183-4EBD5618D2EE}.Debug|x86.Build.0 = Debug|Any CPU
		{D87B87BE-FF6F-4499-8183-4EBD5618D2EE}.Release|Any CPU.ActiveCfg = Release|Any CPU
		{D87B87BE-FF6F-4499-8183-4EBD5618D2EE}.Release|Any CPU.Build.0 = Release|Any CPU
		{D87B87BE-FF6F-4499-8183-4EBD5618D2EE}.Release|x64.ActiveCfg = Release|Any CPU
		{D87B87BE-FF6F-4499-8183-4EBD5618D2EE}.Release|x64.Build.0 = Release|Any CPU
		{D87B87BE-FF6F-4499-8183-4EBD5618D2EE}.Release|x86.ActiveCfg = Release|Any CPU
		{D87B87BE-FF6F-4499-8183-4EBD5618D2EE}.Release|x86.Build.0 = Release|Any CPU
	EndGlobalSection
	GlobalSection(SolutionProperties) = preSolution
		HideSolutionNode = FALSE
	EndGlobalSection
	GlobalSection(NestedProjects) = preSolution
		{8FF63425-DD5B-43D4-AABB-344AD6B7E8CD} = {9EA6872C-3903-48C1-A79A-7574951A4B3F}
		{AC4A732E-84FF-4BFB-9F9B-3EE06EF7C47A} = {9EA6872C-3903-48C1-A79A-7574951A4B3F}
		{B90B6839-21CF-4623-A631-1F5BA894581D} = {9EA6872C-3903-48C1-A79A-7574951A4B3F}
		{4C9529DB-38C6-4541-B357-8657F8AB44B3} = {906AF73D-EEBF-4CD9-B294-B6FFF19B1ADF}
		{DEF740C1-CA80-4240-B282-3DAE5D51E83D} = {906AF73D-EEBF-4CD9-B294-B6FFF19B1ADF}
		{D87B87BE-FF6F-4499-8183-4EBD5618D2EE} = {906AF73D-EEBF-4CD9-B294-B6FFF19B1ADF}
	EndGlobalSection
EndGlobal
